
Microsoft Visual Studio Solution File, Format Version 12.00
# Visual Studio Version 17
VisualStudioVersion = 17.12.35521.163 d17.12
MinimumVisualStudioVersion = 10.0.40219.1
Project("{2150E333-8FDC-42A3-9474-1A3956D46DE8}") = "src", "src", "{209A37F8-39BB-4224-9A6B-FB2D73BCB23F}"
EndProject
Project("{2150E333-8FDC-42A3-9474-1A3956D46DE8}") = "Core", "Core", "{93B7DDC5-77C6-4D53-8C0B-233847CA1752}"
EndProject
Project("{2150E333-8FDC-42A3-9474-1A3956D46DE8}") = "Infrastructure", "Infrastructure", "{F6B7941A-C005-4005-8F91-9B58557B132D}"
EndProject
Project("{2150E333-8FDC-42A3-9474-1A3956D46DE8}") = "Presentation", "Presentation", "{3FFEA35F-617A-4BD3-ABBC-67820C66C30B}"
EndProject
Project("{FAE04EC0-301F-11D3-BF4B-00C04F79EFBC}") = "ModernEstate.Domain", "src\Core\ModernEstate.Domain\ModernEstate.Domain.csproj", "{32F74F91-8716-4E42-8F2A-7A830729458B}"
EndProject
Project("{FAE04EC0-301F-11D3-BF4B-00C04F79EFBC}") = "ModernEstate.Application", "src\Core\ModernEstate.Application\ModernEstate.Application.csproj", "{7BEB2720-308D-4974-959D-B0B0A89C1344}"
EndProject
Project("{FAE04EC0-301F-11D3-BF4B-00C04F79EFBC}") = "ModernEstate.Persistence", "src\Infrastructure\ModernEstate.Persistence\ModernEstate.Persistence.csproj", "{BFDF8BC4-22E8-4D3D-B0DC-B03B9CC4717F}"
EndProject
Project("{FAE04EC0-301F-11D3-BF4B-00C04F79EFBC}") = "ModernEstate.Infrastructure", "src\Infrastructure\ModernEstate.Infrastructure\ModernEstate.Infrastructure.csproj", "{ED8DB596-649E-4740-BEC8-002BA6B61578}"
EndProject
Project("{FAE04EC0-301F-11D3-BF4B-00C04F79EFBC}") = "ModernEstate.MVC", "Presentation\ModernEstate.MVC\ModernEstate.MVC.csproj", "{8C4E1284-37BD-4EA9-82B9-328C890095BF}"
EndProject
Global
	GlobalSection(SolutionConfigurationPlatforms) = preSolution
		Debug|Any CPU = Debug|Any CPU
		Release|Any CPU = Release|Any CPU
	EndGlobalSection
	GlobalSection(ProjectConfigurationPlatforms) = postSolution
		{32F74F91-8716-4E42-8F2A-7A830729458B}.Debug|Any CPU.ActiveCfg = Debug|Any CPU
		{32F74F91-8716-4E42-8F2A-7A830729458B}.Debug|Any CPU.Build.0 = Debug|Any CPU
		{32F74F91-8716-4E42-8F2A-7A830729458B}.Release|Any CPU.ActiveCfg = Release|Any CPU
		{32F74F91-8716-4E42-8F2A-7A830729458B}.Release|Any CPU.Build.0 = Release|Any CPU
		{7BEB2720-308D-4974-959D-B0B0A89C1344}.Debug|Any CPU.ActiveCfg = Debug|Any CPU
		{7BEB2720-308D-4974-959D-B0B0A89C1344}.Debug|Any CPU.Build.0 = Debug|Any CPU
		{7BEB2720-308D-4974-959D-B0B0A89C1344}.Release|Any CPU.ActiveCfg = Release|Any CPU
		{7BEB2720-308D-4974-959D-B0B0A89C1344}.Release|Any CPU.Build.0 = Release|Any CPU
		{BFDF8BC4-22E8-4D3D-B0DC-B03B9CC4717F}.Debug|Any CPU.ActiveCfg = Debug|Any CPU
		{BFDF8BC4-22E8-4D3D-B0DC-B03B9CC4717F}.Debug|Any CPU.Build.0 = Debug|Any CPU
		{BFDF8BC4-22E8-4D3D-B0DC-B03B9CC4717F}.Release|Any CPU.ActiveCfg = Release|Any CPU
		{BFDF8BC4-22E8-4D3D-B0DC-B03B9CC4717F}.Release|Any CPU.Build.0 = Release|Any CPU
		{ED8DB596-649E-4740-BEC8-002BA6B61578}.Debug|Any CPU.ActiveCfg = Debug|Any CPU
		{ED8DB596-649E-4740-BEC8-002BA6B61578}.Debug|Any CPU.Build.0 = Debug|Any CPU
		{ED8DB596-649E-4740-BEC8-002BA6B61578}.Release|Any CPU.ActiveCfg = Release|Any CPU
		{ED8DB596-649E-4740-BEC8-002BA6B61578}.Release|Any CPU.Build.0 = Release|Any CPU
		{8C4E1284-37BD-4EA9-82B9-328C890095BF}.Debug|Any CPU.ActiveCfg = Debug|Any CPU
		{8C4E1284-37BD-4EA9-82B9-328C890095BF}.Debug|Any CPU.Build.0 = Debug|Any CPU
		{8C4E1284-37BD-4EA9-82B9-328C890095BF}.Release|Any CPU.ActiveCfg = Release|Any CPU
		{8C4E1284-37BD-4EA9-82B9-328C890095BF}.Release|Any CPU.Build.0 = Release|Any CPU
	EndGlobalSection
	GlobalSection(SolutionProperties) = preSolution
		HideSolutionNode = FALSE
	EndGlobalSection
	GlobalSection(NestedProjects) = preSolution
		{93B7DDC5-77C6-4D53-8C0B-233847CA1752} = {209A37F8-39BB-4224-9A6B-FB2D73BCB23F}
		{F6B7941A-C005-4005-8F91-9B58557B132D} = {209A37F8-39BB-4224-9A6B-FB2D73BCB23F}
		{32F74F91-8716-4E42-8F2A-7A830729458B} = {93B7DDC5-77C6-4D53-8C0B-233847CA1752}
		{7BEB2720-308D-4974-959D-B0B0A89C1344} = {93B7DDC5-77C6-4D53-8C0B-233847CA1752}
		{BFDF8BC4-22E8-4D3D-B0DC-B03B9CC4717F} = {F6B7941A-C005-4005-8F91-9B58557B132D}
		{ED8DB596-649E-4740-BEC8-002BA6B61578} = {F6B7941A-C005-4005-8F91-9B58557B132D}
		{8C4E1284-37BD-4EA9-82B9-328C890095BF} = {3FFEA35F-617A-4BD3-ABBC-67820C66C30B}
	EndGlobalSection
EndGlobal
